github.com/vanilla-os/vib/api v0.0.0-20240618053016-44e9ee99064a h1:KyveS2x+igyAprwtm8hezadDc7qkVP4XubM43Im2UZA=
github.com/vanilla-os/vib/api v0.0.0-20240618053016-44e9ee99064a/go.mod h1:vjJzDfFxfFHN5O2hcMwGM9De3+H9gGa00Pr3Um6EmCA=
github.com/vanilla-os/vib/api v0.0.0-20240710093922-7cf30ad33093 h1:7NnTkMdojYFv/LbtXsspKCRI5F0LqS2oMpAnojbcia0=
github.com/vanilla-os/vib/api v0.0.0-20240710093922-7cf30ad33093/go.mod h1:vjJzDfFxfFHN5O2hcMwGM9De3+H9gGa00Pr3Um6EmCA=
github.com/vanilla-os/vib/api v0.0.0-20240813120326-9720e4efcc84 h1:i4orhMjpCHOyG0C1W+yXTjuuAu9PmjLDM50AeBRm54I=
github.com/vanilla-os/vib/api v0.0.0-20240813120326-9720e4efcc84/go.mod h1:vjJzDfFxfFHN5O2hcMwGM9De3+H9gGa00Pr3Um6EmCA=
